lockVersion: 2.0.0
id: adf202e9-d85f-4433-b00e-5c7aa0b54b64
management:
  docChecksum: b11747107b0f3b54af7a158e09b5680c
  docVersion: 0.3.6
  speakeasyVersion: 1.665.0
  generationVersion: 2.767.2
  releaseVersion: 0.5.0
  configChecksum: 032b3d20fe7d69ed2c1b180ec5403685
  published: true
features:
  mcp-typescript:
    additionalDependencies: 0.1.0
    constsAndDefaults: 0.1.0
    core: 0.8.4
    customSecuritySchemes: 0.1.1
    defaultEnabledRetries: 0.1.0
    deprecations: 0.1.0
    enumUnions: 0.1.0
    flattening: 0.1.0
    globalSecurity: 0.1.1
    globalSecurityCallbacks: 0.0.0
    globalServerURLs: 0.1.1
    globals: 0.1.0
    hiddenGlobals: 0.1.0
    nullables: 0.1.0
    responseFormat: 0.1.1
    retries: 0.1.0
    sdkHooks: 0.3.0
    unions: 0.2.0
generatedFiles:
  - .dxtignore
  - .gitattributes
  - .npmignore
  - eslint.config.mjs
  - manifest.json
  - package.json
  - src/core.ts
  - src/funcs/streamingProfilesCreateStreamingProfile.ts
  - src/funcs/streamingProfilesDeleteStreamingProfile.ts
  - src/funcs/streamingProfilesGetStreamingProfile.ts
  - src/funcs/streamingProfilesGetStreamingProfiles.ts
  - src/funcs/streamingProfilesUpdateStreamingProfile.ts
  - src/funcs/transformationsCreateTransformation.ts
  - src/funcs/transformationsDeleteTransformation.ts
  - src/funcs/transformationsGetTransformation.ts
  - src/funcs/transformationsListTransformations.ts
  - src/funcs/transformationsUpdateTransformation.ts
  - src/funcs/triggersCreateTrigger.ts
  - src/funcs/triggersDeleteTrigger.ts
  - src/funcs/triggersListTrigger.ts
  - src/funcs/triggersUpdateTrigger.ts
  - src/funcs/uploadMappingsCreateUploadMapping.ts
  - src/funcs/uploadMappingsDeleteUploadMapping.ts
  - src/funcs/uploadMappingsListUploadMappings.ts
  - src/funcs/uploadMappingsReplaceUploadMappings.ts
  - src/funcs/uploadMappingsUpdateUploadMapping.ts
  - src/funcs/uploadPresetsCreateUploadPreset.ts
  - src/funcs/uploadPresetsDeleteUploadPreset.ts
  - src/funcs/uploadPresetsGetUploadPreset.ts
  - src/funcs/uploadPresetsListUploadPresets.ts
  - src/funcs/uploadPresetsUpdateUploadPreset.ts
  - src/hooks/hooks.ts
  - src/hooks/oauth2scopes.ts
  - src/hooks/types.ts
  - src/lib/base64.ts
  - src/lib/config.ts
  - src/lib/dlv.ts
  - src/lib/encodings.ts
  - src/lib/env.ts
  - src/lib/files.ts
  - src/lib/http.ts
  - src/lib/is-plain-object.ts
  - src/lib/logger.ts
  - src/lib/matchers.ts
  - src/lib/primitives.ts
  - src/lib/result.ts
  - src/lib/retries.ts
  - src/lib/schemas.ts
  - src/lib/sdks.ts
  - src/lib/security.ts
  - src/lib/url.ts
  - src/mcp-server/build.mts
  - src/mcp-server/cli.ts
  - src/mcp-server/cli/start/command.ts
  - src/mcp-server/cli/start/impl.ts
  - src/mcp-server/console-logger.ts
  - src/mcp-server/extensions.ts
  - src/mcp-server/mcp-server.ts
  - src/mcp-server/prompts.ts
  - src/mcp-server/resources.ts
  - src/mcp-server/scopes.ts
  - src/mcp-server/server.ts
  - src/mcp-server/shared.ts
  - src/mcp-server/tools.ts
  - src/mcp-server/tools/streamingProfilesCreateStreamingProfile.ts
  - src/mcp-server/tools/streamingProfilesDeleteStreamingProfile.ts
  - src/mcp-server/tools/streamingProfilesGetStreamingProfile.ts
  - src/mcp-server/tools/streamingProfilesGetStreamingProfiles.ts
  - src/mcp-server/tools/streamingProfilesUpdateStreamingProfile.ts
  - src/mcp-server/tools/transformationsCreateTransformation.ts
  - src/mcp-server/tools/transformationsDeleteTransformation.ts
  - src/mcp-server/tools/transformationsGetTransformation.ts
  - src/mcp-server/tools/transformationsListTransformations.ts
  - src/mcp-server/tools/transformationsUpdateTransformation.ts
  - src/mcp-server/tools/triggersCreateTrigger.ts
  - src/mcp-server/tools/triggersDeleteTrigger.ts
  - src/mcp-server/tools/triggersListTrigger.ts
  - src/mcp-server/tools/triggersUpdateTrigger.ts
  - src/mcp-server/tools/uploadMappingsCreateUploadMapping.ts
  - src/mcp-server/tools/uploadMappingsDeleteUploadMapping.ts
  - src/mcp-server/tools/uploadMappingsListUploadMappings.ts
  - src/mcp-server/tools/uploadMappingsUpdateUploadMapping.ts
  - src/mcp-server/tools/uploadPresetsCreateUploadPreset.ts
  - src/mcp-server/tools/uploadPresetsDeleteUploadPreset.ts
  - src/mcp-server/tools/uploadPresetsGetUploadPreset.ts
  - src/mcp-server/tools/uploadPresetsListUploadPresets.ts
  - src/mcp-server/tools/uploadPresetsUpdateUploadPreset.ts
  - src/models/accesscontrolitem.ts
  - src/models/apierror.ts
  - src/models/createrequest.ts
  - src/models/createstreamingprofileop.ts
  - src/models/createtransformationop.ts
  - src/models/createtriggerop.ts
  - src/models/createuploadmappingop.ts
  - src/models/createuploadpresetop.ts
  - src/models/deletestreamingprofileop.ts
  - src/models/deletetransformationop.ts
  - src/models/deletetriggerop.ts
  - src/models/deleteuploadmappingop.ts
  - src/models/deleteuploadpresetop.ts
  - src/models/errors/apierror.ts
  - src/models/errors/httpclienterrors.ts
  - src/models/errors/sdkvalidationerror.ts
  - src/models/getstreamingprofileop.ts
  - src/models/getstreamingprofilesop.ts
  - src/models/gettransformationop.ts
  - src/models/getuploadpresetop.ts
  - src/models/listresponse.ts
  - src/models/listtransformationsop.ts
  - src/models/listtriggerop.ts
  - src/models/listuploadmappingsop.ts
  - src/models/listuploadpresetsop.ts
  - src/models/replaceuploadmappingsop.ts
  - src/models/schemecloudinaryauth.ts
  - src/models/security.ts
  - src/models/streamingprofile.ts
  - src/models/streamingprofilecreate.ts
  - src/models/streamingprofileupdate.ts
  - src/models/transformationinfo.ts
  - src/models/transformationsummary.ts
  - src/models/triggerinfo.ts
  - src/models/updaterequest.ts
  - src/models/updatestreamingprofileop.ts
  - src/models/updatetransformationop.ts
  - src/models/updatetriggerop.ts
  - src/models/updateuploadmappingop.ts
  - src/models/updateuploadpresetop.ts
  - src/models/uploadmapping.ts
  - src/models/uploadpreset.ts
  - src/models/uritype.ts
  - src/types/async.ts
  - src/types/blobs.ts
  - src/types/enums.ts
  - src/types/fp.ts
  - src/types/rfcdate.ts
  - src/types/streams.ts
  - tsconfig.json
examplesVersion: 1.0.2
