speakeasyVersion: 1.800.1
sources:
    CloudinaryEnvConfig-MCP-OAS:
        sourceNamespace: cloudinary-env-config-mcp-oas
        sourceRevisionDigest: sha256:78abb7d848d5229c20a31a9ac6b994fd6d5fa6e295549ecd06efea49c724f873
        sourceBlobDigest: sha256:4979182466c7764bcfbc989c548777c5dc46517ef18625a1ab1ea3fa11deaf3d
        tags:
            - latest
            - 0.5.5
targets:
    cloudinary-env-config-mcp:
        source: CloudinaryEnvConfig-MCP-OAS
        sourceNamespace: cloudinary-env-config-mcp-oas
        sourceRevisionDigest: sha256:78abb7d848d5229c20a31a9ac6b994fd6d5fa6e295549ecd06efea49c724f873
        sourceBlobDigest: sha256:4979182466c7764bcfbc989c548777c5dc46517ef18625a1ab1ea3fa11deaf3d
workflow:
    workflowVersion: 1.0.0
    speakeasyVersion: latest
    sources:
        CloudinaryEnvConfig-MCP-OAS:
            inputs:
                - location: https://cloudinary.github.io/api-schemas/environment-config/schema.yml
            overlays:
                - location: https://cloudinary.github.io/api-schemas/overlays/security-scheme-cloud-overlay.yaml
                - location: https://cloudinary.github.io/api-schemas/overlays/cloud-name-overlay.yml
                - location: https://cloudinary.github.io/api-schemas/overlays/mcp-disabled.yml
                - location: https://cloudinary.github.io/api-schemas/overlays/remove-mcp-description.yml
                - location: https://cloudinary.github.io/api-schemas/overlays/signature-optional-overlay.yml
                - location: https://cloudinary.github.io/api-schemas/environment-config/overlays/summary-overlay-mcp.yml
            registry:
                location: registry.speakeasyapi.dev/cloudinary/cloudinary/cloudinary-env-config-mcp-oas
    targets:
        cloudinary-env-config-mcp:
            target: mcp-typescript
            source: CloudinaryEnvConfig-MCP-OAS
            publish:
                npm:
                    token: $npm_token
