speakeasyVersion: 1.790.3
sources:
    CloudinaryEnvConfig-MCP-OAS:
        sourceNamespace: cloudinary-env-config-mcp-oas
        sourceRevisionDigest: sha256:6de958aa73d7f2546f69572a91bbaad6e9301519f979a08d5dceb5eae60369aa
        sourceBlobDigest: sha256:1959848c3c852e633cca065432de491607fd421f546d5c2ccc3bafca948ae380
        tags:
            - latest
            - 0.5.5
targets:
    cloudinary-env-config-mcp:
        source: CloudinaryEnvConfig-MCP-OAS
        sourceNamespace: cloudinary-env-config-mcp-oas
        sourceRevisionDigest: sha256:6de958aa73d7f2546f69572a91bbaad6e9301519f979a08d5dceb5eae60369aa
        sourceBlobDigest: sha256:1959848c3c852e633cca065432de491607fd421f546d5c2ccc3bafca948ae380
workflow:
    workflowVersion: 1.0.0
    speakeasyVersion: latest
    sources:
        CloudinaryEnvConfig-MCP-OAS:
            inputs:
                - location: https://cloudinary.github.io/api-schemas/environment-config/schema.yml
            overlays:
                - location: https://cloudinary.github.io/api-schemas/overlays/security-scheme-cloud-overlay.yaml
                - location: https://cloudinary.github.io/api-schemas/overlays/cloud-name-overlay.yml
                - location: https://cloudinary.github.io/api-schemas/overlays/mcp-disabled.yml
                - location: https://cloudinary.github.io/api-schemas/overlays/remove-mcp-description.yml
                - location: https://cloudinary.github.io/api-schemas/overlays/signature-optional-overlay.yml
            registry:
                location: registry.speakeasyapi.dev/cloudinary/cloudinary/cloudinary-env-config-mcp-oas
    targets:
        cloudinary-env-config-mcp:
            target: mcp-typescript
            source: CloudinaryEnvConfig-MCP-OAS
            publish:
                npm:
                    token: $npm_token
