speakeasyVersion: 1.763.1
sources:
    CloudinaryEnvConfig-MCP-OAS:
        sourceNamespace: cloudinary-env-config-mcp-oas
        sourceRevisionDigest: sha256:c85cb9ef05342aa0ef529c00631addfe8bf637c4f4631646387642055c5e000d
        sourceBlobDigest: sha256:c2a96e657def37dbb56e83f153bfd19b76f6fd8f3b56901082f5a8f4855568a6
        tags:
            - latest
            - 0.5.0
targets:
    cloudinary-env-config-mcp:
        source: CloudinaryEnvConfig-MCP-OAS
        sourceNamespace: cloudinary-env-config-mcp-oas
        sourceRevisionDigest: sha256:c85cb9ef05342aa0ef529c00631addfe8bf637c4f4631646387642055c5e000d
        sourceBlobDigest: sha256:c2a96e657def37dbb56e83f153bfd19b76f6fd8f3b56901082f5a8f4855568a6
workflow:
    workflowVersion: 1.0.0
    speakeasyVersion: latest
    sources:
        CloudinaryEnvConfig-MCP-OAS:
            inputs:
                - location: https://cloudinary.github.io/api-schemas/environment-config/schema.yml
            overlays:
                - location: https://cloudinary.github.io/api-schemas/overlays/security-scheme-cloud-overlay.yaml
                - location: https://cloudinary.github.io/api-schemas/overlays/cloud-name-overlay.yml
                - location: https://cloudinary.github.io/api-schemas/overlays/mcp-disabled.yml
                - location: https://cloudinary.github.io/api-schemas/overlays/remove-mcp-description.yml
                - location: https://cloudinary.github.io/api-schemas/overlays/signature-optional-overlay.yml
            registry:
                location: registry.speakeasyapi.dev/cloudinary/cloudinary/cloudinary-env-config-mcp-oas
    targets:
        cloudinary-env-config-mcp:
            target: mcp-typescript
            source: CloudinaryEnvConfig-MCP-OAS
            publish:
                npm:
                    token: $npm_token
